
Microsoft Visual Studio Solution File, Format Version 12.00
# Visual Studio Version 17
VisualStudioVersion = 17.8.34525.116
MinimumVisualStudioVersion = 10.0.40219.1
Project("{FAE04EC0-301F-11D3-BF4B-00C04F79EFBC}") = "Week6StringsAndErase", "Week6StringsAndErase\Week6StringsAndErase.csproj", "{FC575B9E-7FA7-44F1-8DC9-B208E016480C}"
EndProject
Project("{FAE04EC0-301F-11D3-BF4B-00C04F79EFBC}") = "Arrays", "Arrays\Arrays.csproj", "{ADE15DBD-B903-470E-9718-92C81A873077}"
EndProject
Project("{FAE04EC0-301F-11D3-BF4B-00C04F79EFBC}") = "NumberArray", "NumberArray\NumberArray.csproj", "{26E204B1-F155-446C-9E11-2422066FC884}"
EndProject
Project("{FAE04EC0-301F-11D3-BF4B-00C04F79EFBC}") = "RenderElement", "RenderElement\RenderElement.csproj", "{690FCAEF-5050-430B-91F1-EFF1EF7FE2F5}"
EndProject
Global
	GlobalSection(SolutionConfigurationPlatforms) = preSolution
		Debug|Any CPU = Debug|Any CPU
		Release|Any CPU = Release|Any CPU
	EndGlobalSection
	GlobalSection(ProjectConfigurationPlatforms) = postSolution
		{FC575B9E-7FA7-44F1-8DC9-B208E016480C}.Debug|Any CPU.ActiveCfg = Debug|Any CPU
		{FC575B9E-7FA7-44F1-8DC9-B208E016480C}.Debug|Any CPU.Build.0 = Debug|Any CPU
		{FC575B9E-7FA7-44F1-8DC9-B208E016480C}.Release|Any CPU.ActiveCfg = Release|Any CPU
		{FC575B9E-7FA7-44F1-8DC9-B208E016480C}.Release|Any CPU.Build.0 = Release|Any CPU
		{ADE15DBD-B903-470E-9718-92C81A873077}.Debug|Any CPU.ActiveCfg = Debug|Any CPU
		{ADE15DBD-B903-470E-9718-92C81A873077}.Debug|Any CPU.Build.0 = Debug|Any CPU
		{ADE15DBD-B903-470E-9718-92C81A873077}.Release|Any CPU.ActiveCfg = Release|Any CPU
		{ADE15DBD-B903-470E-9718-92C81A873077}.Release|Any CPU.Build.0 = Release|Any CPU
		{26E204B1-F155-446C-9E11-2422066FC884}.Debug|Any CPU.ActiveCfg = Debug|Any CPU
		{26E204B1-F155-446C-9E11-2422066FC884}.Debug|Any CPU.Build.0 = Debug|Any CPU
		{26E204B1-F155-446C-9E11-2422066FC884}.Release|Any CPU.ActiveCfg = Release|Any CPU
		{26E204B1-F155-446C-9E11-2422066FC884}.Release|Any CPU.Build.0 = Release|Any CPU
		{690FCAEF-5050-430B-91F1-EFF1EF7FE2F5}.Debug|Any CPU.ActiveCfg = Debug|Any CPU
		{690FCAEF-5050-430B-91F1-EFF1EF7FE2F5}.Debug|Any CPU.Build.0 = Debug|Any CPU
		{690FCAEF-5050-430B-91F1-EFF1EF7FE2F5}.Release|Any CPU.ActiveCfg = Release|Any CPU
		{690FCAEF-5050-430B-91F1-EFF1EF7FE2F5}.Release|Any CPU.Build.0 = Release|Any CPU
	EndGlobalSection
	GlobalSection(SolutionProperties) = preSolution
		HideSolutionNode = FALSE
	EndGlobalSection
	GlobalSection(ExtensibilityGlobals) = postSolution
		SolutionGuid = {8E3DFACF-CCAD-44B7-BBCC-55276FD9EF71}
	EndGlobalSection
EndGlobal
